
Microsoft Visual Studio Solution File, Format Version 12.00
# Visual Studio Version 17
VisualStudioVersion = 17.6.33815.320
MinimumVisualStudioVersion = 10.0.40219.1
Project("{FAE04EC0-301F-11D3-BF4B-00C04F79EFBC}") = "WpfApp7", "WpfApp7\WpfApp7.csproj", "{A9BBCF4E-86F6-4519-B224-D44101078E4E}"
EndProject
Global
	GlobalSection(SolutionConfigurationPlatforms) = preSolution
		Debug|Any CPU = Debug|Any CPU
		Release|Any CPU = Release|Any CPU
	EndGlobalSection
	GlobalSection(ProjectConfigurationPlatforms) = postSolution
		{A9BBCF4E-86F6-4519-B224-D44101078E4E}.Debug|Any CPU.ActiveCfg = Debug|Any CPU
		{A9BBCF4E-86F6-4519-B224-D44101078E4E}.Debug|Any CPU.Build.0 = Debug|Any CPU
		{A9BBCF4E-86F6-4519-B224-D44101078E4E}.Release|Any CPU.ActiveCfg = Release|Any CPU
		{A9BBCF4E-86F6-4519-B224-D44101078E4E}.Release|Any CPU.Build.0 = Release|Any CPU
	EndGlobalSection
	GlobalSection(SolutionProperties) = preSolution
		HideSolutionNode = FALSE
	EndGlobalSection
	GlobalSection(ExtensibilityGlobals) = postSolution
		SolutionGuid = {21405CE9-D6B9-433F-A5A7-F89540A7380A}
	EndGlobalSection
EndGlobal
