
Microsoft Visual Studio Solution File, Format Version 12.00
# Visual Studio Version 17
VisualStudioVersion = 17.6.33815.320
MinimumVisualStudioVersion = 10.0.40219.1
Project("{FAE04EC0-301F-11D3-BF4B-00C04F79EFBC}") = "WpfApp1", "WpfApp1\WpfApp1.csproj", "{6DCB7B00-6994-48F9-8360-B6A5979CE43E}"
EndProject
Global
	GlobalSection(SolutionConfigurationPlatforms) = preSolution
		Debug|Any CPU = Debug|Any CPU
		Release|Any CPU = Release|Any CPU
	EndGlobalSection
	GlobalSection(ProjectConfigurationPlatforms) = postSolution
		{6DCB7B00-6994-48F9-8360-B6A5979CE43E}.Debug|Any CPU.ActiveCfg = Debug|Any CPU
		{6DCB7B00-6994-48F9-8360-B6A5979CE43E}.Debug|Any CPU.Build.0 = Debug|Any CPU
		{6DCB7B00-6994-48F9-8360-B6A5979CE43E}.Release|Any CPU.ActiveCfg = Release|Any CPU
		{6DCB7B00-6994-48F9-8360-B6A5979CE43E}.Release|Any CPU.Build.0 = Release|Any CPU
	EndGlobalSection
	GlobalSection(SolutionProperties) = preSolution
		HideSolutionNode = FALSE
	EndGlobalSection
	GlobalSection(ExtensibilityGlobals) = postSolution
		SolutionGuid = {7BD20177-0358-4583-B524-F5583352D98B}
	EndGlobalSection
EndGlobal
