
Microsoft Visual Studio Solution File, Format Version 12.00
# Visual Studio Version 17
VisualStudioVersion = 17.6.33815.320
MinimumVisualStudioVersion = 10.0.40219.1
Project("{FAE04EC0-301F-11D3-BF4B-00C04F79EFBC}") = "Mansurov11", "Mansurov11.csproj", "{D1C8FE81-35E0-4D3A-B821-1EABDAE8557B}"
EndProject
Global
	GlobalSection(SolutionConfigurationPlatforms) = preSolution
		Debug|Any CPU = Debug|Any CPU
		Release|Any CPU = Release|Any CPU
	EndGlobalSection
	GlobalSection(ProjectConfigurationPlatforms) = postSolution
		{D1C8FE81-35E0-4D3A-B821-1EABDAE8557B}.Debug|Any CPU.ActiveCfg = Debug|Any CPU
		{D1C8FE81-35E0-4D3A-B821-1EABDAE8557B}.Debug|Any CPU.Build.0 = Debug|Any CPU
		{D1C8FE81-35E0-4D3A-B821-1EABDAE8557B}.Release|Any CPU.ActiveCfg = Release|Any CPU
		{D1C8FE81-35E0-4D3A-B821-1EABDAE8557B}.Release|Any CPU.Build.0 = Release|Any CPU
	EndGlobalSection
	GlobalSection(SolutionProperties) = preSolution
		HideSolutionNode = FALSE
	EndGlobalSection
	GlobalSection(ExtensibilityGlobals) = postSolution
		SolutionGuid = {FEEB0730-0511-4CCE-9D83-4E34F4FF3A23}
	EndGlobalSection
EndGlobal
