
Microsoft Visual Studio Solution File, Format Version 12.00
# Visual Studio Version 17
VisualStudioVersion = 17.4.33205.214
MinimumVisualStudioVersion = 10.0.40219.1
Project("{FAE04EC0-301F-11D3-BF4B-00C04F79EFBC}") = "WpfApp2", "WpfApp2\WpfApp2.csproj", "{AB911A2E-CBA3-4CDD-92AA-6FDF2B796AFB}"
EndProject
Global
	GlobalSection(SolutionConfigurationPlatforms) = preSolution
		Debug|Any CPU = Debug|Any CPU
		Release|Any CPU = Release|Any CPU
	EndGlobalSection
	GlobalSection(ProjectConfigurationPlatforms) = postSolution
		{AB911A2E-CBA3-4CDD-92AA-6FDF2B796AFB}.Debug|Any CPU.ActiveCfg = Debug|Any CPU
		{AB911A2E-CBA3-4CDD-92AA-6FDF2B796AFB}.Debug|Any CPU.Build.0 = Debug|Any CPU
		{AB911A2E-CBA3-4CDD-92AA-6FDF2B796AFB}.Release|Any CPU.ActiveCfg = Release|Any CPU
		{AB911A2E-CBA3-4CDD-92AA-6FDF2B796AFB}.Release|Any CPU.Build.0 = Release|Any CPU
	EndGlobalSection
	GlobalSection(SolutionProperties) = preSolution
		HideSolutionNode = FALSE
	EndGlobalSection
	GlobalSection(ExtensibilityGlobals) = postSolution
		SolutionGuid = {2810662E-DFF7-4F30-A44C-B259D9AB1661}
	EndGlobalSection
EndGlobal
