
Microsoft Visual Studio Solution File, Format Version 12.00
# Visual Studio Version 17
VisualStudioVersion = 17.3.32922.545
MinimumVisualStudioVersion = 10.0.40219.1
Project("{9A19103F-16F7-4668-BE54-9A1E7A4F7556}") = "Lab9", "Lab9\Lab9.csproj", "{EF7A53D5-4A9C-4B7C-8C3D-5231D3A7EC9B}"
EndProject
Project("{9A19103F-16F7-4668-BE54-9A1E7A4F7556}") = "Lab3", "Lab3\Lab3.csproj", "{C1D6A33A-68E7-44B7-9188-5A012CC095D3}"
EndProject
Project("{9A19103F-16F7-4668-BE54-9A1E7A4F7556}") = "Lab4", "Lab4\Lab4.csproj", "{AC761406-C6D6-4BCF-B148-53E9DFC2B824}"
EndProject
Project("{9A19103F-16F7-4668-BE54-9A1E7A4F7556}") = "Lab5", "Lab5\Lab5.csproj", "{464E483B-1829-4FDE-B89E-F7EEA37DFDD9}"
EndProject
Project("{9A19103F-16F7-4668-BE54-9A1E7A4F7556}") = "Lab6", "Lab6\Lab6.csproj", "{3E842074-367E-4222-9ABE-3BB8F52E927C}"
EndProject
Project("{9A19103F-16F7-4668-BE54-9A1E7A4F7556}") = "Lab7", "Lab7\Lab7.csproj", "{8C0D8086-E815-4037-AF03-FEB2AD1F57C5}"
EndProject
Project("{9A19103F-16F7-4668-BE54-9A1E7A4F7556}") = "Lab8", "Lab8\Lab8.csproj", "{E52EF6C6-D8ED-4A16-9953-B07A4C0443FB}"
EndProject
Project("{9A19103F-16F7-4668-BE54-9A1E7A4F7556}") = "Lab10", "Lab10\Lab10.csproj", "{099FAD9B-695E-4EDF-8F4B-1D27D10836E1}"
EndProject
Project("{9A19103F-16F7-4668-BE54-9A1E7A4F7556}") = "Lab11", "Lab11\Lab11.csproj", "{5D7DCEF8-B9B5-46B3-A167-8C0418F871D6}"
EndProject
Project("{FAE04EC0-301F-11D3-BF4B-00C04F79EFBC}") = "Lab12", "Lab12\Lab12.csproj", "{235FB124-18D0-41EB-907E-5426A5158E5F}"
EndProject
Project("{FAE04EC0-301F-11D3-BF4B-00C04F79EFBC}") = "Lab13", "Lab13\Lab13.csproj", "{82448549-71D6-49CB-B0A4-97FD41DB9B89}"
EndProject
Project("{FAE04EC0-301F-11D3-BF4B-00C04F79EFBC}") = "Lab14", "Lab14\Lab14.csproj", "{599CC0AF-2D18-4175-A229-B4A342AE6748}"
EndProject
Global
	GlobalSection(SolutionConfigurationPlatforms) = preSolution
		Debug|Any CPU = Debug|Any CPU
		Release|Any CPU = Release|Any CPU
	EndGlobalSection
	GlobalSection(ProjectConfigurationPlatforms) = postSolution
		{EF7A53D5-4A9C-4B7C-8C3D-5231D3A7EC9B}.Debug|Any CPU.ActiveCfg = Debug|Any CPU
		{EF7A53D5-4A9C-4B7C-8C3D-5231D3A7EC9B}.Debug|Any CPU.Build.0 = Debug|Any CPU
		{EF7A53D5-4A9C-4B7C-8C3D-5231D3A7EC9B}.Release|Any CPU.ActiveCfg = Release|Any CPU
		{EF7A53D5-4A9C-4B7C-8C3D-5231D3A7EC9B}.Release|Any CPU.Build.0 = Release|Any CPU
		{C1D6A33A-68E7-44B7-9188-5A012CC095D3}.Debug|Any CPU.ActiveCfg = Debug|Any CPU
		{C1D6A33A-68E7-44B7-9188-5A012CC095D3}.Debug|Any CPU.Build.0 = Debug|Any CPU
		{C1D6A33A-68E7-44B7-9188-5A012CC095D3}.Release|Any CPU.ActiveCfg = Release|Any CPU
		{C1D6A33A-68E7-44B7-9188-5A012CC095D3}.Release|Any CPU.Build.0 = Release|Any CPU
		{AC761406-C6D6-4BCF-B148-53E9DFC2B824}.Debug|Any CPU.ActiveCfg = Debug|Any CPU
		{AC761406-C6D6-4BCF-B148-53E9DFC2B824}.Debug|Any CPU.Build.0 = Debug|Any CPU
		{AC761406-C6D6-4BCF-B148-53E9DFC2B824}.Release|Any CPU.ActiveCfg = Release|Any CPU
		{AC761406-C6D6-4BCF-B148-53E9DFC2B824}.Release|Any CPU.Build.0 = Release|Any CPU
		{464E483B-1829-4FDE-B89E-F7EEA37DFDD9}.Debug|Any CPU.ActiveCfg = Debug|Any CPU
		{464E483B-1829-4FDE-B89E-F7EEA37DFDD9}.Debug|Any CPU.Build.0 = Debug|Any CPU
		{464E483B-1829-4FDE-B89E-F7EEA37DFDD9}.Release|Any CPU.ActiveCfg = Release|Any CPU
		{464E483B-1829-4FDE-B89E-F7EEA37DFDD9}.Release|Any CPU.Build.0 = Release|Any CPU
		{3E842074-367E-4222-9ABE-3BB8F52E927C}.Debug|Any CPU.ActiveCfg = Debug|Any CPU
		{3E842074-367E-4222-9ABE-3BB8F52E927C}.Debug|Any CPU.Build.0 = Debug|Any CPU
		{3E842074-367E-4222-9ABE-3BB8F52E927C}.Release|Any CPU.ActiveCfg = Release|Any CPU
		{3E842074-367E-4222-9ABE-3BB8F52E927C}.Release|Any CPU.Build.0 = Release|Any CPU
		{8C0D8086-E815-4037-AF03-FEB2AD1F57C5}.Debug|Any CPU.ActiveCfg = Debug|Any CPU
		{8C0D8086-E815-4037-AF03-FEB2AD1F57C5}.Debug|Any CPU.Build.0 = Debug|Any CPU
		{8C0D8086-E815-4037-AF03-FEB2AD1F57C5}.Release|Any CPU.ActiveCfg = Release|Any CPU
		{8C0D8086-E815-4037-AF03-FEB2AD1F57C5}.Release|Any CPU.Build.0 = Release|Any CPU
		{E52EF6C6-D8ED-4A16-9953-B07A4C0443FB}.Debug|Any CPU.ActiveCfg = Debug|Any CPU
		{E52EF6C6-D8ED-4A16-9953-B07A4C0443FB}.Debug|Any CPU.Build.0 = Debug|Any CPU
		{E52EF6C6-D8ED-4A16-9953-B07A4C0443FB}.Release|Any CPU.ActiveCfg = Release|Any CPU
		{E52EF6C6-D8ED-4A16-9953-B07A4C0443FB}.Release|Any CPU.Build.0 = Release|Any CPU
		{099FAD9B-695E-4EDF-8F4B-1D27D10836E1}.Debug|Any CPU.ActiveCfg = Debug|Any CPU
		{099FAD9B-695E-4EDF-8F4B-1D27D10836E1}.Debug|Any CPU.Build.0 = Debug|Any CPU
		{099FAD9B-695E-4EDF-8F4B-1D27D10836E1}.Release|Any CPU.ActiveCfg = Release|Any CPU
		{099FAD9B-695E-4EDF-8F4B-1D27D10836E1}.Release|Any CPU.Build.0 = Release|Any CPU
		{5D7DCEF8-B9B5-46B3-A167-8C0418F871D6}.Debug|Any CPU.ActiveCfg = Debug|Any CPU
		{5D7DCEF8-B9B5-46B3-A167-8C0418F871D6}.Debug|Any CPU.Build.0 = Debug|Any CPU
		{5D7DCEF8-B9B5-46B3-A167-8C0418F871D6}.Release|Any CPU.ActiveCfg = Release|Any CPU
		{5D7DCEF8-B9B5-46B3-A167-8C0418F871D6}.Release|Any CPU.Build.0 = Release|Any CPU
		{235FB124-18D0-41EB-907E-5426A5158E5F}.Debug|Any CPU.ActiveCfg = Debug|Any CPU
		{235FB124-18D0-41EB-907E-5426A5158E5F}.Debug|Any CPU.Build.0 = Debug|Any CPU
		{235FB124-18D0-41EB-907E-5426A5158E5F}.Release|Any CPU.ActiveCfg = Release|Any CPU
		{235FB124-18D0-41EB-907E-5426A5158E5F}.Release|Any CPU.Build.0 = Release|Any CPU
		{82448549-71D6-49CB-B0A4-97FD41DB9B89}.Debug|Any CPU.ActiveCfg = Debug|Any CPU
		{82448549-71D6-49CB-B0A4-97FD41DB9B89}.Debug|Any CPU.Build.0 = Debug|Any CPU
		{82448549-71D6-49CB-B0A4-97FD41DB9B89}.Release|Any CPU.ActiveCfg = Release|Any CPU
		{82448549-71D6-49CB-B0A4-97FD41DB9B89}.Release|Any CPU.Build.0 = Release|Any CPU
		{599CC0AF-2D18-4175-A229-B4A342AE6748}.Debug|Any CPU.ActiveCfg = Debug|Any CPU
		{599CC0AF-2D18-4175-A229-B4A342AE6748}.Debug|Any CPU.Build.0 = Debug|Any CPU
		{599CC0AF-2D18-4175-A229-B4A342AE6748}.Release|Any CPU.ActiveCfg = Release|Any CPU
		{599CC0AF-2D18-4175-A229-B4A342AE6748}.Release|Any CPU.Build.0 = Release|Any CPU
	EndGlobalSection
	GlobalSection(SolutionProperties) = preSolution
		HideSolutionNode = FALSE
	EndGlobalSection
	GlobalSection(ExtensibilityGlobals) = postSolution
		SolutionGuid = {78EB1AAB-9114-4817-886B-3AB15FC60BAB}
	EndGlobalSection
EndGlobal
